// !$*UTF8*$!
{
	archiveVersion = 1;
	classes = {
	};
	objectVersion = 50;
	objects = {

/* Begin PBXBuildFile section */
		C7052F1925E92B6D00974C81 /* AppDelegate.swift in Sources */ = {isa = PBXBuildFile; fileRef = C7052F1825E92B6D00974C81 /* AppDelegate.swift */; };
		C7052F1B25E92B6D00974C81 /* SceneDelegate.swift in Sources */ = {isa = PBXBuildFile; fileRef = C7052F1A25E92B6D00974C81 /* SceneDelegate.swift */; };
		C7052F1D25E92B6D00974C81 /* ViewController.swift in Sources */ = {isa = PBXBuildFile; fileRef = C7052F1C25E92B6D00974C81 /* ViewController.swift */; };
		C7052F2025E92B6D00974C81 /* Main.storyboard in Resources */ = {isa = PBXBuildFile; fileRef = C7052F1E25E92B6D00974C81 /* Main.storyboard */; };
		C7052F2225E92B7100974C81 /* Assets.xcassets in Resources */ = {isa = PBXBuildFile; fileRef = C7052F2125E92B7100974C81 /* Assets.xcassets */; };
		C7052F2525E92B7100974C81 /* LaunchScreen.storyboard in Resources */ = {isa = PBXBuildFile; fileRef = C7052F2325E92B7100974C81 /* LaunchScreen.storyboard */; };
		C7052F3025E92B7200974C81 /* TableViewDemoTests.swift in Sources */ = {isa = PBXBuildFile; fileRef = C7052F2F25E92B7200974C81 /* TableViewDemoTests.swift */; };
		C7052F3B25E92B7200974C81 /* TableViewDemoUITests.swift in Sources */ = {isa = PBXBuildFile; fileRef = C7052F3A25E92B7200974C81 /* TableViewDemoUITests.swift */; };
		C7052F4C25E92C9000974C81 /* ContriesTableViewCell.swift in Sources */ = {isa = PBXBuildFile; fileRef = C7052F4B25E92C9000974C81 /* ContriesTableViewCell.swift */; };
		C7052F5225E92F8800974C81 /* Country.swift in Sources */ = {isa = PBXBuildFile; fileRef = C7052F5125E92F8800974C81 /* Country.swift */; };
/* End PBXBuildFile section */

/* Begin PBXContainerItemProxy section */
		C7052F2C25E92B7200974C81 /* PBXContainerItemProxy */ = {
			isa = PBXContainerItemProxy;
			containerPortal = C7052F0D25E92B6D00974C81 /* Project object */;
			proxyType = 1;
			remoteGlobalIDString = C7052F1425E92B6D00974C81;
			remoteInfo = TableViewDemo;
		};
		C7052F3725E92B7200974C81 /* PBXContainerItemProxy */ = {
			isa = PBXContainerItemProxy;
			containerPortal = C7052F0D25E92B6D00974C81 /* Project object */;
			proxyType = 1;
			remoteGlobalIDString = C7052F1425E92B6D00974C81;
			remoteInfo = TableViewDemo;
		};
/* End PBXContainerItemProxy section */

/* Begin PBXFileReference section */
		C7052F1525E92B6D00974C81 /* TableViewDemo.app */ = {isa = PBXFileReference; explicitFileType = wrapper.application; includeInIndex = 0; path = TableViewDemo.app; sourceTree = BUILT_PRODUCTS_DIR; };
		C7052F1825E92B6D00974C81 /* AppDelegate.swift */ = {isa = PBXFileReference; lastKnownFileType = sourcecode.swift; path = AppDelegate.swift; sourceTree = "<group>"; };
		C7052F1A25E92B6D00974C81 /* SceneDelegate.swift */ = {isa = PBXFileReference; lastKnownFileType = sourcecode.swift; path = SceneDelegate.swift; sourceTree = "<group>"; };
		C7052F1C25E92B6D00974C81 /* ViewController.swift */ = {isa = PBXFileReference; lastKnownFileType = sourcecode.swift; path = ViewController.swift; sourceTree = "<group>"; };
		C7052F1F25E92B6D00974C81 /* Base */ = {isa = PBXFileReference; lastKnownFileType = file.storyboard; name = Base; path = Base.lproj/Main.storyboard; sourceTree = "<group>"; };
		C7052F2125E92B7100974C81 /* Assets.xcassets */ = {isa = PBXFileReference; lastKnownFileType = folder.assetcatalog; path = Assets.xcassets; sourceTree = "<group>"; };
		C7052F2425E92B7100974C81 /* Base */ = {isa = PBXFileReference; lastKnownFileType = file.storyboard; name = Base; path = Base.lproj/LaunchScreen.storyboard; sourceTree = "<group>"; };
		C7052F2625E92B7100974C81 /* Info.plist */ = {isa = PBXFileReference; lastKnownFileType = text.plist.xml; path = Info.plist; sourceTree = "<group>"; };
		C7052F2B25E92B7200974C81 /* TableViewDemoTests.xctest */ = {isa = PBXFileReference; explicitFileType = wrapper.cfbundle; includeInIndex = 0; path = TableViewDemoTests.xctest; sourceTree = BUILT_PRODUCTS_DIR; };
		C7052F2F25E92B7200974C81 /* TableViewDemoTests.swift */ = {isa = PBXFileReference; lastKnownFileType = sourcecode.swift; path = TableViewDemoTests.swift; sourceTree = "<group>"; };
		C7052F3125E92B7200974C81 /* Info.plist */ = {isa = PBXFileReference; lastKnownFileType = text.plist.xml; path = Info.plist; sourceTree = "<group>"; };
		C7052F3625E92B7200974C81 /* TableViewDemoUITests.xctest */ = {isa = PBXFileReference; explicitFileType = wrapper.cfbundle; includeInIndex = 0; path = TableViewDemoUITests.xctest; sourceTree = BUILT_PRODUCTS_DIR; };
		C7052F3A25E92B7200974C81 /* TableViewDemoUITests.swift */ = {isa = PBXFileReference; lastKnownFileType = sourcecode.swift; path = TableViewDemoUITests.swift; sourceTree = "<group>"; };
		C7052F3C25E92B7200974C81 /* Info.plist */ = {isa = PBXFileReference; lastKnownFileType = text.plist.xml; path = Info.plist; sourceTree = "<group>"; };
		C7052F4B25E92C9000974C81 /* ContriesTableViewCell.swift */ = {isa = PBXFileReference; lastKnownFileType = sourcecode.swift; path = ContriesTableViewCell.swift; sourceTree = "<group>"; };
		C7052F5125E92F8800974C81 /* Country.swift */ = {isa = PBXFileReference; lastKnownFileType = sourcecode.swift; path = Country.swift; sourceTree = "<group>"; };
/* End PBXFileReference section */

/* Begin PBXFrameworksBuildPhase section */
		C7052F1225E92B6D00974C81 /* Frameworks */ = {
			isa = PBXFrameworksBuildPhase;
			buildActionMask = 2147483647;
			files = (
			);
			runOnlyForDeploymentPostprocessing = 0;
		};
		C7052F2825E92B7200974C81 /* Frameworks */ = {
			isa = PBXFrameworksBuildPhase;
			buildActionMask = 2147483647;
			files = (
			);
			runOnlyForDeploymentPostprocessing = 0;
		};
		C7052F3325E92B7200974C81 /* Frameworks */ = {
			isa = PBXFrameworksBuildPhase;
			buildActionMask = 2147483647;
			files = (
			);
			runOnlyForDeploymentPostprocessing = 0;
		};
/* End PBXFrameworksBuildPhase section */

/* Begin PBXGroup section */
		C7052F0C25E92B6D00974C81 = {
			isa = PBXGroup;
			children = (
				C7052F1725E92B6D00974C81 /* TableViewDemo */,
				C7052F2E25E92B7200974C81 /* TableViewDemoTests */,
				C7052F3925E92B7200974C81 /* TableViewDemoUITests */,
				C7052F1625E92B6D00974C81 /* Products */,
			);
			sourceTree = "<group>";
		};
		C7052F1625E92B6D00974C81 /* Products */ = {
			isa = PBXGroup;
			children = (
				C7052F1525E92B6D00974C81 /* TableViewDemo.app */,
				C7052F2B25E92B7200974C81 /* TableViewDemoTests.xctest */,
				C7052F3625E92B7200974C81 /* TableViewDemoUITests.xctest */,
			);
			name = Products;
			sourceTree = "<group>";
		};
		C7052F1725E92B6D00974C81 /* TableViewDemo */ = {
			isa = PBXGroup;
			children = (
				C7052F5025E92F7500974C81 /* Model */,
				C7052F1825E92B6D00974C81 /* AppDelegate.swift */,
				C7052F1A25E92B6D00974C81 /* SceneDelegate.swift */,
				C7052F1C25E92B6D00974C81 /* ViewController.swift */,
				C7052F1E25E92B6D00974C81 /* Main.storyboard */,
				C7052F2125E92B7100974C81 /* Assets.xcassets */,
				C7052F2325E92B7100974C81 /* LaunchScreen.storyboard */,
				C7052F2625E92B7100974C81 /* Info.plist */,
				C7052F4B25E92C9000974C81 /* ContriesTableViewCell.swift */,
			);
			path = TableViewDemo;
			sourceTree = "<group>";
		};
		C7052F2E25E92B7200974C81 /* TableViewDemoTests */ = {
			isa = PBXGroup;
			children = (
				C7052F2F25E92B7200974C81 /* TableViewDemoTests.swift */,
				C7052F3125E92B7200974C81 /* Info.plist */,
			);
			path = TableViewDemoTests;
			sourceTree = "<group>";
		};
		C7052F3925E92B7200974C81 /* TableViewDemoUITests */ = {
			isa = PBXGroup;
			children = (
				C7052F3A25E92B7200974C81 /* TableViewDemoUITests.swift */,
				C7052F3C25E92B7200974C81 /* Info.plist */,
			);
			path = TableViewDemoUITests;
			sourceTree = "<group>";
		};
		C7052F5025E92F7500974C81 /* Model */ = {
			isa = PBXGroup;
			children = (
				C7052F5125E92F8800974C81 /* Country.swift */,
			);
			path = Model;
			sourceTree = "<group>";
		};
/* End PBXGroup section */

/* Begin PBXNativeTarget section */
		C7052F1425E92B6D00974C81 /* TableViewDemo */ = {
			isa = PBXNativeTarget;
			buildConfigurationList = C7052F3F25E92B7200974C81 /* Build configuration list for PBXNativeTarget "TableViewDemo" */;
			buildPhases = (
				C7052F1125E92B6D00974C81 /* Sources */,
				C7052F1225E92B6D00974C81 /* Frameworks */,
				C7052F1325E92B6D00974C81 /* Resources */,
			);
			buildRules = (
			);
			dependencies = (
			);
			name = TableViewDemo;
			productName = TableViewDemo;
			productReference = C7052F1525E92B6D00974C81 /* TableViewDemo.app */;
			productType = "com.apple.product-type.application";
		};
		C7052F2A25E92B7200974C81 /* TableViewDemoTests */ = {
			isa = PBXNativeTarget;
			buildConfigurationList = C7052F4225E92B7200974C81 /* Build configuration list for PBXNativeTarget "TableViewDemoTests" */;
			buildPhases = (
				C7052F2725E92B7200974C81 /* Sources */,
				C7052F2825E92B7200974C81 /* Frameworks */,
				C7052F2925E92B7200974C81 /* Resources */,
			);
			buildRules = (
			);
			dependencies = (
				C7052F2D25E92B7200974C81 /* PBXTargetDependency */,
			);
			name = TableViewDemoTests;
			productName = TableViewDemoTests;
			productReference = C7052F2B25E92B7200974C81 /* TableViewDemoTests.xctest */;
			productType = "com.apple.product-type.bundle.unit-test";
		};
		C7052F3525E92B7200974C81 /* TableViewDemoUITests */ = {
			isa = PBXNativeTarget;
			buildConfigurationList = C7052F4525E92B7200974C81 /* Build configuration list for PBXNativeTarget "TableViewDemoUITests" */;
			buildPhases = (
				C7052F3225E92B7200974C81 /* Sources */,
				C7052F3325E92B7200974C81 /* Frameworks */,
				C7052F3425E92B7200974C81 /* Resources */,
			);
			buildRules = (
			);
			dependencies = (
				C7052F3825E92B7200974C81 /* PBXTargetDependency */,
			);
			name = TableViewDemoUITests;
			productName = TableViewDemoUITests;
			productReference = C7052F3625E92B7200974C81 /* TableViewDemoUITests.xctest */;
			productType = "com.apple.product-type.bundle.ui-testing";
		};
/* End PBXNativeTarget section */

/* Begin PBXProject section */
		C7052F0D25E92B6D00974C81 /* Project object */ = {
			isa = PBXProject;
			attributes = {
				LastSwiftUpdateCheck = 1230;
				LastUpgradeCheck = 1230;
				TargetAttributes = {
					C7052F1425E92B6D00974C81 = {
						CreatedOnToolsVersion = 12.3;
					};
					C7052F2A25E92B7200974C81 = {
						CreatedOnToolsVersion = 12.3;
						TestTargetID = C7052F1425E92B6D00974C81;
					};
					C7052F3525E92B7200974C81 = {
						CreatedOnToolsVersion = 12.3;
						TestTargetID = C7052F1425E92B6D00974C81;
					};
				};
			};
			buildConfigurationList = C7052F1025E92B6D00974C81 /* Build configuration list for PBXProject "TableViewDemo" */;
			compatibilityVersion = "Xcode 9.3";
			developmentRegion = en;
			hasScannedForEncodings = 0;
			knownRegions = (
				en,
				Base,
			);
			mainGroup = C7052F0C25E92B6D00974C81;
			productRefGroup = C7052F1625E92B6D00974C81 /* Products */;
			projectDirPath = "";
			projectRoot = "";
			targets = (
				C7052F1425E92B6D00974C81 /* TableViewDemo */,
				C7052F2A25E92B7200974C81 /* TableViewDemoTests */,
				C7052F3525E92B7200974C81 /* TableViewDemoUITests */,
			);
		};
/* End PBXProject section */

/* Begin PBXResourcesBuildPhase section */
		C7052F1325E92B6D00974C81 /* Resources */ = {
			isa = PBXResourcesBuildPhase;
			buildActionMask = 2147483647;
			files = (
				C7052F2525E92B7100974C81 /* LaunchScreen.storyboard in Resources */,
				C7052F2225E92B7100974C81 /* Assets.xcassets in Resources */,
				C7052F2025E92B6D00974C81 /* Main.storyboard in Resources */,
			);
			runOnlyForDeploymentPostprocessing = 0;
		};
		C7052F2925E92B7200974C81 /* Resources */ = {
			isa = PBXResourcesBuildPhase;
			buildActionMask = 2147483647;
			files = (
			);
			runOnlyForDeploymentPostprocessing = 0;
		};
		C7052F3425E92B7200974C81 /* Resources */ = {
			isa = PBXResourcesBuildPhase;
			buildActionMask = 2147483647;
			files = (
			);
			runOnlyForDeploymentPostprocessing = 0;
		};
/* End PBXResourcesBuildPhase section */

/* Begin PBXSourcesBuildPhase section */
		C7052F1125E92B6D00974C81 /* Sources */ = {
			isa = PBXSourcesBuildPhase;
			buildActionMask = 2147483647;
			files = (
				C7052F4C25E92C9000974C81 /* ContriesTableViewCell.swift in Sources */,
				C7052F1D25E92B6D00974C81 /* ViewController.swift in Sources */,
				C7052F1925E92B6D00974C81 /* AppDelegate.swift in Sources */,
				C7052F5225E92F8800974C81 /* Country.swift in Sources */,
				C7052F1B25E92B6D00974C81 /* SceneDelegate.swift in Sources */,
			);
			runOnlyForDeploymentPostprocessing = 0;
		};
		C7052F2725E92B7200974C81 /* Sources */ = {
			isa = PBXSourcesBuildPhase;
			buildActionMask = 2147483647;
			files = (
				C7052F3025E92B7200974C81 /* TableViewDemoTests.swift in Sources */,
			);
			runOnlyForDeploymentPostprocessing = 0;
		};
		C7052F3225E92B7200974C81 /* Sources */ = {
			isa = PBXSourcesBuildPhase;
			buildActionMask = 2147483647;
			files = (
				C7052F3B25E92B7200974C81 /* TableViewDemoUITests.swift in Sources */,
			);
			runOnlyForDeploymentPostprocessing = 0;
		};
/* End PBXSourcesBuildPhase section */

/* Begin PBXTargetDependency section */
		C7052F2D25E92B7200974C81 /* PBXTargetDependency */ = {
			isa = PBXTargetDependency;
			target = C7052F1425E92B6D00974C81 /* TableViewDemo */;
			targetProxy = C7052F2C25E92B7200974C81 /* PBXContainerItemProxy */;
		};
		C7052F3825E92B7200974C81 /* PBXTargetDependency */ = {
			isa = PBXTargetDependency;
			target = C7052F1425E92B6D00974C81 /* TableViewDemo */;
			targetProxy = C7052F3725E92B7200974C81 /* PBXContainerItemProxy */;
		};
/* End PBXTargetDependency section */

/* Begin PBXVariantGroup section */
		C7052F1E25E92B6D00974C81 /* Main.storyboard */ = {
			isa = PBXVariantGroup;
			children = (
				C7052F1F25E92B6D00974C81 /* Base */,
			);
			name = Main.storyboard;
			sourceTree = "<group>";
		};
		C7052F2325E92B7100974C81 /* LaunchScreen.storyboard */ = {
			isa = PBXVariantGroup;
			children = (
				C7052F2425E92B7100974C81 /* Base */,
			);
			name = LaunchScreen.storyboard;
			sourceTree = "<group>";
		};
/* End PBXVariantGroup section */

/* Begin XCBuildConfiguration section */
		C7052F3D25E92B7200974C81 /* Debug */ = {
			isa = XCBuildConfiguration;
			buildSettings = {
				ALWAYS_SEARCH_USER_PATHS = NO;
				CLANG_ANALYZER_NONNULL = YES;
				CLANG_ANALYZER_NUMBER_OBJECT_CONVERSION = YES_AGGRESSIVE;
				CLANG_CXX_LANGUAGE_STANDARD = "gnu++14";
				CLANG_CXX_LIBRARY = "libc++";
				CLANG_ENABLE_MODULES = YES;
				CLANG_ENABLE_OBJC_ARC = YES;
				CLANG_ENABLE_OBJC_WEAK = YES;
				CLANG_WARN_BLOCK_CAPTURE_AUTORELEASING = YES;
				CLANG_WARN_BOOL_CONVERSION = YES;
				CLANG_WARN_COMMA = YES;
				CLANG_WARN_CONSTANT_CONVERSION = YES;
				CLANG_WARN_DEPRECATED_OBJC_IMPLEMENTATIONS = YES;
				CLANG_WARN_DIRECT_OBJC_ISA_USAGE = YES_ERROR;
				CLANG_WARN_DOCUMENTATION_COMMENTS = YES;
				CLANG_WARN_EMPTY_BODY = YES;
				CLANG_WARN_ENUM_CONVERSION = YES;
				CLANG_WARN_INFINITE_RECURSION = YES;
				CLANG_WARN_INT_CONVERSION = YES;
				CLANG_WARN_NON_LITERAL_NULL_CONVERSION = YES;
				CLANG_WARN_OBJC_IMPLICIT_RETAIN_SELF = YES;
				CLANG_WARN_OBJC_LITERAL_CONVERSION = YES;
				CLANG_WARN_OBJC_ROOT_CLASS = YES_ERROR;
				CLANG_WARN_QUOTED_INCLUDE_IN_FRAMEWORK_HEADER = YES;
				CLANG_WARN_RANGE_LOOP_ANALYSIS = YES;
				CLANG_WARN_STRICT_PROTOTYPES = YES;
				CLANG_WARN_SUSPICIOUS_MOVE = YES;
				CLANG_WARN_UNGUARDED_AVAILABILITY = YES_AGGRESSIVE;
				CLANG_WARN_UNREACHABLE_CODE = YES;
				CLANG_WARN__DUPLICATE_METHOD_MATCH = YES;
				COPY_PHASE_STRIP = NO;
				DEBUG_INFORMATION_FORMAT = dwarf;
				ENABLE_STRICT_OBJC_MSGSEND = YES;
				ENABLE_TESTABILITY = YES;
				GCC_C_LANGUAGE_STANDARD = gnu11;
				GCC_DYNAMIC_NO_PIC = NO;
				GCC_NO_COMMON_BLOCKS = YES;
				GCC_OPTIMIZATION_LEVEL = 0;
				GCC_PREPROCESSOR_DEFINITIONS = (
					"DEBUG=1",
					"$(inherited)",
				);
				GCC_WARN_64_TO_32_BIT_CONVERSION = YES;
				GCC_WARN_ABOUT_RETURN_TYPE = YES_ERROR;
				GCC_WARN_UNDECLARED_SELECTOR = YES;
				GCC_WARN_UNINITIALIZED_AUTOS = YES_AGGRESSIVE;
				GCC_WARN_UNUSED_FUNCTION = YES;
				GCC_WARN_UNUSED_VARIABLE = YES;
				IPHONEOS_DEPLOYMENT_TARGET = 14.3;
				MTL_ENABLE_DEBUG_INFO = INCLUDE_SOURCE;
				MTL_FAST_MATH = YES;
				ONLY_ACTIVE_ARCH = YES;
				SDKROOT = iphoneos;
				SWIFT_ACTIVE_COMPILATION_CONDITIONS = DEBUG;
				SWIFT_OPTIMIZATION_LEVEL = "-Onone";
			};
			name = Debug;
		};
		C7052F3E25E92B7200974C81 /* Release */ = {
			isa = XCBuildConfiguration;
			buildSettings = {
				ALWAYS_SEARCH_USER_PATHS = NO;
				CLANG_ANALYZER_NONNULL = YES;
				CLANG_ANALYZER_NUMBER_OBJECT_CONVERSION = YES_AGGRESSIVE;
				CLANG_CXX_LANGUAGE_STANDARD = "gnu++14";
				CLANG_CXX_LIBRARY = "libc++";
				CLANG_ENABLE_MODULES = YES;
				CLANG_ENABLE_OBJC_ARC = YES;
				CLANG_ENABLE_OBJC_WEAK = YES;
				CLANG_WARN_BLOCK_CAPTURE_AUTORELEASING = YES;
				CLANG_WARN_BOOL_CONVERSION = YES;
				CLANG_WARN_COMMA = YES;
				CLANG_WARN_CONSTANT_CONVERSION = YES;
				CLANG_WARN_DEPRECATED_OBJC_IMPLEMENTATIONS = YES;
				CLANG_WARN_DIRECT_OBJC_ISA_USAGE = YES_ERROR;
				CLANG_WARN_DOCUMENTATION_COMMENTS = YES;
				CLANG_WARN_EMPTY_BODY = YES;
				CLANG_WARN_ENUM_CONVERSION = YES;
				CLANG_WARN_INFINITE_RECURSION = YES;
				CLANG_WARN_INT_CONVERSION = YES;
				CLANG_WARN_NON_LITERAL_NULL_CONVERSION = YES;
				CLANG_WARN_OBJC_IMPLICIT_RETAIN_SELF = YES;
				CLANG_WARN_OBJC_LITERAL_CONVERSION = YES;
				CLANG_WARN_OBJC_ROOT_CLASS = YES_ERROR;
				CLANG_WARN_QUOTED_INCLUDE_IN_FRAMEWORK_HEADER = YES;
				CLANG_WARN_RANGE_LOOP_ANALYSIS = YES;
				CLANG_WARN_STRICT_PROTOTYPES = YES;
				CLANG_WARN_SUSPICIOUS_MOVE = YES;
				CLANG_WARN_UNGUARDED_AVAILABILITY = YES_AGGRESSIVE;
				CLANG_WARN_UNREACHABLE_CODE = YES;
				CLANG_WARN__DUPLICATE_METHOD_MATCH = YES;
				COPY_PHASE_STRIP = NO;
				DEBUG_INFORMATION_FORMAT = "dwarf-with-dsym";
				ENABLE_NS_ASSERTIONS = NO;
				ENABLE_STRICT_OBJC_MSGSEND = YES;
				GCC_C_LANGUAGE_STANDARD = gnu11;
				GCC_NO_COMMON_BLOCKS = YES;
				GCC_WARN_64_TO_32_BIT_CONVERSION = YES;
				GCC_WARN_ABOUT_RETURN_TYPE = YES_ERROR;
				GCC_WARN_UNDECLARED_SELECTOR = YES;
				GCC_WARN_UNINITIALIZED_AUTOS = YES_AGGRESSIVE;
				GCC_WARN_UNUSED_FUNCTION = YES;
				GCC_WARN_UNUSED_VARIABLE = YES;
				IPHONEOS_DEPLOYMENT_TARGET = 14.3;
				MTL_ENABLE_DEBUG_INFO = NO;
				MTL_FAST_MATH = YES;
				SDKROOT = iphoneos;
				SWIFT_COMPILATION_MODE = wholemodule;
				SWIFT_OPTIMIZATION_LEVEL = "-O";
				VALIDATE_PRODUCT = YES;
			};
			name = Release;
		};
		C7052F4025E92B7200974C81 /* Debug */ = {
			isa = XCBuildConfiguration;
			buildSettings = {
				ASSETCATALOG_COMPILER_APPICON_NAME = AppIcon;
				ASSETCATALOG_COMPILER_GLOBAL_ACCENT_COLOR_NAME = AccentColor;
				CODE_SIGN_STYLE = Automatic;
				INFOPLIST_FILE = TableViewDemo/Info.plist;
				IPHONEOS_DEPLOYMENT_TARGET = 14.2;
				LD_RUNPATH_SEARCH_PATHS = (
					"$(inherited)",
					"@executable_path/Frameworks",
				);
				PRODUCT_BUNDLE_IDENTIFIER = None.TableViewDemo;
				PRODUCT_NAME = "$(TARGET_NAME)";
				SWIFT_VERSION = 5.0;
				TARGETED_DEVICE_FAMILY = "1,2";
			};
			name = Debug;
		};
		C7052F4125E92B7200974C81 /* Release */ = {
			isa = XCBuildConfiguration;
			buildSettings = {
				ASSETCATALOG_COMPILER_APPICON_NAME = AppIcon;
				ASSETCATALOG_COMPILER_GLOBAL_ACCENT_COLOR_NAME = AccentColor;
				CODE_SIGN_STYLE = Automatic;
				INFOPLIST_FILE = TableViewDemo/Info.plist;
				IPHONEOS_DEPLOYMENT_TARGET = 14.2;
				LD_RUNPATH_SEARCH_PATHS = (
					"$(inherited)",
					"@executable_path/Frameworks",
				);
				PRODUCT_BUNDLE_IDENTIFIER = None.TableViewDemo;
				PRODUCT_NAME = "$(TARGET_NAME)";
				SWIFT_VERSION = 5.0;
				TARGETED_DEVICE_FAMILY = "1,2";
			};
			name = Release;
		};
		C7052F4325E92B7200974C81 /* Debug */ = {
			isa = XCBuildConfiguration;
			buildSettings = {
				ALWAYS_EMBED_SWIFT_STANDARD_LIBRARIES = YES;
				BUNDLE_LOADER = "$(TEST_HOST)";
				CODE_SIGN_STYLE = Automatic;
				INFOPLIST_FILE = TableViewDemoTests/Info.plist;
				IPHONEOS_DEPLOYMENT_TARGET = 14.2;
				LD_RUNPATH_SEARCH_PATHS = (
					"$(inherited)",
					"@executable_path/Frameworks",
					"@loader_path/Frameworks",
				);
				PRODUCT_BUNDLE_IDENTIFIER = None.TableViewDemoTests;
				PRODUCT_NAME = "$(TARGET_NAME)";
				SWIFT_VERSION = 5.0;
				TARGETED_DEVICE_FAMILY = "1,2";
				TEST_HOST = "$(BUILT_PRODUCTS_DIR)/TableViewDemo.app/TableViewDemo";
			};
			name = Debug;
		};
		C7052F4425E92B7200974C81 /* Release */ = {
			isa = XCBuildConfiguration;
			buildSettings = {
				ALWAYS_EMBED_SWIFT_STANDARD_LIBRARIES = YES;
				BUNDLE_LOADER = "$(TEST_HOST)";
				CODE_SIGN_STYLE = Automatic;
				INFOPLIST_FILE = TableViewDemoTests/Info.plist;
				IPHONEOS_DEPLOYMENT_TARGET = 14.2;
				LD_RUNPATH_SEARCH_PATHS = (
					"$(inherited)",
					"@executable_path/Frameworks",
					"@loader_path/Frameworks",
				);
				PRODUCT_BUNDLE_IDENTIFIER = None.TableViewDemoTests;
				PRODUCT_NAME = "$(TARGET_NAME)";
				SWIFT_VERSION = 5.0;
				TARGETED_DEVICE_FAMILY = "1,2";
				TEST_HOST = "$(BUILT_PRODUCTS_DIR)/TableViewDemo.app/TableViewDemo";
			};
			name = Release;
		};
		C7052F4625E92B7200974C81 /* Debug */ = {
			isa = XCBuildConfiguration;
			buildSettings = {
				ALWAYS_EMBED_SWIFT_STANDARD_LIBRARIES = YES;
				CODE_SIGN_STYLE = Automatic;
				INFOPLIST_FILE = TableViewDemoUITests/Info.plist;
				IPHONEOS_DEPLOYMENT_TARGET = 14.2;
				LD_RUNPATH_SEARCH_PATHS = (
					"$(inherited)",
					"@executable_path/Frameworks",
					"@loader_path/Frameworks",
				);
				PRODUCT_BUNDLE_IDENTIFIER = None.TableViewDemoUITests;
				PRODUCT_NAME = "$(TARGET_NAME)";
				SWIFT_VERSION = 5.0;
				TARGETED_DEVICE_FAMILY = "1,2";
				TEST_TARGET_NAME = TableViewDemo;
			};
			name = Debug;
		};
		C7052F4725E92B7200974C81 /* Release */ = {
			isa = XCBuildConfiguration;
			buildSettings = {
				ALWAYS_EMBED_SWIFT_STANDARD_LIBRARIES = YES;
				CODE_SIGN_STYLE = Automatic;
				INFOPLIST_FILE = TableViewDemoUITests/Info.plist;
				IPHONEOS_DEPLOYMENT_TARGET = 14.2;
				LD_RUNPATH_SEARCH_PATHS = (
					"$(inherited)",
					"@executable_path/Frameworks",
					"@loader_path/Frameworks",
				);
				PRODUCT_BUNDLE_IDENTIFIER = None.TableViewDemoUITests;
				PRODUCT_NAME = "$(TARGET_NAME)";
				SWIFT_VERSION = 5.0;
				TARGETED_DEVICE_FAMILY = "1,2";
				TEST_TARGET_NAME = TableViewDemo;
			};
			name = Release;
		};
/* End XCBuildConfiguration section */

/* Begin XCConfigurationList section */
		C7052F1025E92B6D00974C81 /* Build configuration list for PBXProject "TableViewDemo" */ = {
			isa = XCConfigurationList;
			buildConfigurations = (
				C7052F3D25E92B7200974C81 /* Debug */,
				C7052F3E25E92B7200974C81 /* Release */,
			);
			defaultConfigurationIsVisible = 0;
			defaultConfigurationName = Release;
		};
		C7052F3F25E92B7200974C81 /* Build configuration list for PBXNativeTarget "TableViewDemo" */ = {
			isa = XCConfigurationList;
			buildConfigurations = (
				C7052F4025E92B7200974C81 /* Debug */,
				C7052F4125E92B7200974C81 /* Release */,
			);
			defaultConfigurationIsVisible = 0;
			defaultConfigurationName = Release;
		};
		C7052F4225E92B7200974C81 /* Build configuration list for PBXNativeTarget "TableViewDemoTests" */ = {
			isa = XCConfigurationList;
			buildConfigurations = (
				C7052F4325E92B7200974C81 /* Debug */,
				C7052F4425E92B7200974C81 /* Release */,
			);
			defaultConfigurationIsVisible = 0;
			defaultConfigurationName = Release;
		};
		C7052F4525E92B7200974C81 /* Build configuration list for PBXNativeTarget "TableViewDemoUITests" */ = {
			isa = XCConfigurationList;
			buildConfigurations = (
				C7052F4625E92B7200974C81 /* Debug */,
				C7052F4725E92B7200974C81 /* Release */,
			);
			defaultConfigurationIsVisible = 0;
			defaultConfigurationName = Release;
		};
/* End XCConfigurationList section */
	};
	rootObject = C7052F0D25E92B6D00974C81 /* Project object */;
}
